// !$*UTF8*$!
{
	archiveVersion = 1;
	classes = {
	};
	objectVersion = 50;
	objects = {

/* Begin PBXBuildFile section */
		F89241BB215E3996008DBD58 /* EnemyNodeProtocol.swift in Sources */ = {isa = PBXBuildFile; fileRef = F89241BA215E3996008DBD58 /* EnemyNodeProtocol.swift */; };
		F89241C1215F069F008DBD58 /* RedEnemy.swift in Sources */ = {isa = PBXBuildFile; fileRef = F89241C0215F069F008DBD58 /* RedEnemy.swift */; };
		F89241C721665664008DBD58 /* OpeningScene.swift in Sources */ = {isa = PBXBuildFile; fileRef = F89241C621665664008DBD58 /* OpeningScene.swift */; };
		F89241C92166567A008DBD58 /* GameOverScene.swift in Sources */ = {isa = PBXBuildFile; fileRef = F89241C82166567A008DBD58 /* GameOverScene.swift */; };
		F89241CD21668057008DBD58 /* Calc.swift in Sources */ = {isa = PBXBuildFile; fileRef = F89241CC21668057008DBD58 /* Calc.swift */; };
		F89D271B2169850B005423D8 /* Category.swift in Sources */ = {isa = PBXBuildFile; fileRef = F89D271A2169850B005423D8 /* Category.swift */; };
		F8E1882121328676004859F6 /* AppDelegate.swift in Sources */ = {isa = PBXBuildFile; fileRef = F8E1882021328676004859F6 /* AppDelegate.swift */; };
		F8E1882921328676004859F6 /* GameViewController.swift in Sources */ = {isa = PBXBuildFile; fileRef = F8E1882821328676004859F6 /* GameViewController.swift */; };
		F8E1882C21328676004859F6 /* Main.storyboard in Resources */ = {isa = PBXBuildFile; fileRef = F8E1882A21328676004859F6 /* Main.storyboard */; };
		F8E1882E2132867E004859F6 /* Assets.xcassets in Resources */ = {isa = PBXBuildFile; fileRef = F8E1882D2132867E004859F6 /* Assets.xcassets */; };
		F8E188312132867E004859F6 /* LaunchScreen.storyboard in Resources */ = {isa = PBXBuildFile; fileRef = F8E1882F2132867E004859F6 /* LaunchScreen.storyboard */; };
		F8E1883C2132867F004859F6 /* UsagiShooting2Tests.swift in Sources */ = {isa = PBXBuildFile; fileRef = F8E1883B2132867F004859F6 /* UsagiShooting2Tests.swift */; };
		F8E188472132867F004859F6 /* UsagiShooting2UITests.swift in Sources */ = {isa = PBXBuildFile; fileRef = F8E188462132867F004859F6 /* UsagiShooting2UITests.swift */; };
		F8E1885521465C05004859F6 /* GameScene.swift in Sources */ = {isa = PBXBuildFile; fileRef = F8E1885421465C05004859F6 /* GameScene.swift */; };
		F8E18859215AEC6C004859F6 /* PlayerNode.swift in Sources */ = {isa = PBXBuildFile; fileRef = F8E18858215AEC6C004859F6 /* PlayerNode.swift */; };
/* End PBXBuildFile section */

/* Begin PBXContainerItemProxy section */
		F8E188382132867F004859F6 /* PBXContainerItemProxy */ = {
			isa = PBXContainerItemProxy;
			containerPortal = F8E1881521328676004859F6 /* Project object */;
			proxyType = 1;
			remoteGlobalIDString = F8E1881C21328676004859F6;
			remoteInfo = UsagiShooting2;
		};
		F8E188432132867F004859F6 /* PBXContainerItemProxy */ = {
			isa = PBXContainerItemProxy;
			containerPortal = F8E1881521328676004859F6 /* Project object */;
			proxyType = 1;
			remoteGlobalIDString = F8E1881C21328676004859F6;
			remoteInfo = UsagiShooting2;
		};
/* End PBXContainerItemProxy section */

/* Begin PBXFileReference section */
		F89241BA215E3996008DBD58 /* EnemyNodeProtocol.swift */ = {isa = PBXFileReference; lastKnownFileType = sourcecode.swift; path = EnemyNodeProtocol.swift; sourceTree = "<group>"; };
		F89241C0215F069F008DBD58 /* RedEnemy.swift */ = {isa = PBXFileReference; lastKnownFileType = sourcecode.swift; path = RedEnemy.swift; sourceTree = "<group>"; };
		F89241C621665664008DBD58 /* OpeningScene.swift */ = {isa = PBXFileReference; lastKnownFileType = sourcecode.swift; path = OpeningScene.swift; sourceTree = "<group>"; };
		F89241C82166567A008DBD58 /* GameOverScene.swift */ = {isa = PBXFileReference; lastKnownFileType = sourcecode.swift; path = GameOverScene.swift; sourceTree = "<group>"; };
		F89241CC21668057008DBD58 /* Calc.swift */ = {isa = PBXFileReference; lastKnownFileType = sourcecode.swift; path = Calc.swift; sourceTree = "<group>"; };
		F89D271A2169850B005423D8 /* Category.swift */ = {isa = PBXFileReference; lastKnownFileType = sourcecode.swift; path = Category.swift; sourceTree = "<group>"; };
		F8E1881D21328676004859F6 /* UsagiShooting2.app */ = {isa = PBXFileReference; explicitFileType = wrapper.application; includeInIndex = 0; path = UsagiShooting2.app; sourceTree = BUILT_PRODUCTS_DIR; };
		F8E1882021328676004859F6 /* AppDelegate.swift */ = {isa = PBXFileReference; lastKnownFileType = sourcecode.swift; path = AppDelegate.swift; sourceTree = "<group>"; };
		F8E1882821328676004859F6 /* GameViewController.swift */ = {isa = PBXFileReference; lastKnownFileType = sourcecode.swift; path = GameViewController.swift; sourceTree = "<group>"; };
		F8E1882B21328676004859F6 /* Base */ = {isa = PBXFileReference; lastKnownFileType = file.storyboard; name = Base; path = Base.lproj/Main.storyboard; sourceTree = "<group>"; };
		F8E1882D2132867E004859F6 /* Assets.xcassets */ = {isa = PBXFileReference; lastKnownFileType = folder.assetcatalog; path = Assets.xcassets; sourceTree = "<group>"; };
		F8E188302132867E004859F6 /* Base */ = {isa = PBXFileReference; lastKnownFileType = file.storyboard; name = Base; path = Base.lproj/LaunchScreen.storyboard; sourceTree = "<group>"; };
		F8E188322132867E004859F6 /* Info.plist */ = {isa = PBXFileReference; lastKnownFileType = text.plist.xml; path = Info.plist; sourceTree = "<group>"; };
		F8E188372132867F004859F6 /* UsagiShooting2Tests.xctest */ = {isa = PBXFileReference; explicitFileType = wrapper.cfbundle; includeInIndex = 0; path = UsagiShooting2Tests.xctest; sourceTree = BUILT_PRODUCTS_DIR; };
		F8E1883B2132867F004859F6 /* UsagiShooting2Tests.swift */ = {isa = PBXFileReference; lastKnownFileType = sourcecode.swift; path = UsagiShooting2Tests.swift; sourceTree = "<group>"; };
		F8E1883D2132867F004859F6 /* Info.plist */ = {isa = PBXFileReference; lastKnownFileType = text.plist.xml; path = Info.plist; sourceTree = "<group>"; };
		F8E188422132867F004859F6 /* UsagiShooting2UITests.xctest */ = {isa = PBXFileReference; explicitFileType = wrapper.cfbundle; includeInIndex = 0; path = UsagiShooting2UITests.xctest; sourceTree = BUILT_PRODUCTS_DIR; };
		F8E188462132867F004859F6 /* UsagiShooting2UITests.swift */ = {isa = PBXFileReference; lastKnownFileType = sourcecode.swift; path = UsagiShooting2UITests.swift; sourceTree = "<group>"; };
		F8E188482132867F004859F6 /* Info.plist */ = {isa = PBXFileReference; lastKnownFileType = text.plist.xml; path = Info.plist; sourceTree = "<group>"; };
		F8E1885421465C05004859F6 /* GameScene.swift */ = {isa = PBXFileReference; lastKnownFileType = sourcecode.swift; path = GameScene.swift; sourceTree = "<group>"; };
		F8E18858215AEC6C004859F6 /* PlayerNode.swift */ = {isa = PBXFileReference; lastKnownFileType = sourcecode.swift; path = PlayerNode.swift; sourceTree = "<group>"; };
/* End PBXFileReference section */

/* Begin PBXFrameworksBuildPhase section */
		F8E1881A21328676004859F6 /* Frameworks */ = {
			isa = PBXFrameworksBuildPhase;
			buildActionMask = 2147483647;
			files = (
			);
			runOnlyForDeploymentPostprocessing = 0;
		};
		F8E188342132867F004859F6 /* Frameworks */ = {
			isa = PBXFrameworksBuildPhase;
			buildActionMask = 2147483647;
			files = (
			);
			runOnlyForDeploymentPostprocessing = 0;
		};
		F8E1883F2132867F004859F6 /* Frameworks */ = {
			isa = PBXFrameworksBuildPhase;
			buildActionMask = 2147483647;
			files = (
			);
			runOnlyForDeploymentPostprocessing = 0;
		};
/* End PBXFrameworksBuildPhase section */

/* Begin PBXGroup section */
		F8E1881421328676004859F6 = {
			isa = PBXGroup;
			children = (
				F8E1881F21328676004859F6 /* UsagiShooting2 */,
				F8E1883A2132867F004859F6 /* UsagiShooting2Tests */,
				F8E188452132867F004859F6 /* UsagiShooting2UITests */,
				F8E1881E21328676004859F6 /* Products */,
			);
			sourceTree = "<group>";
		};
		F8E1881E21328676004859F6 /* Products */ = {
			isa = PBXGroup;
			children = (
				F8E1881D21328676004859F6 /* UsagiShooting2.app */,
				F8E188372132867F004859F6 /* UsagiShooting2Tests.xctest */,
				F8E188422132867F004859F6 /* UsagiShooting2UITests.xctest */,
			);
			name = Products;
			sourceTree = "<group>";
		};
		F8E1881F21328676004859F6 /* UsagiShooting2 */ = {
			isa = PBXGroup;
			children = (
				F8E1885A215AED9E004859F6 /* Nodes */,
				F8E1885621465C21004859F6 /* Scenes */,
				F8E1882021328676004859F6 /* AppDelegate.swift */,
				F8E1882821328676004859F6 /* GameViewController.swift */,
				F8E1882A21328676004859F6 /* Main.storyboard */,
				F8E1882D2132867E004859F6 /* Assets.xcassets */,
				F8E1882F2132867E004859F6 /* LaunchScreen.storyboard */,
				F8E188322132867E004859F6 /* Info.plist */,
				F89241CC21668057008DBD58 /* Calc.swift */,
				F89D271A2169850B005423D8 /* Category.swift */,
			);
			path = UsagiShooting2;
			sourceTree = "<group>";
		};
		F8E1883A2132867F004859F6 /* UsagiShooting2Tests */ = {
			isa = PBXGroup;
			children = (
				F8E1883B2132867F004859F6 /* UsagiShooting2Tests.swift */,
				F8E1883D2132867F004859F6 /* Info.plist */,
			);
			path = UsagiShooting2Tests;
			sourceTree = "<group>";
		};
		F8E188452132867F004859F6 /* UsagiShooting2UITests */ = {
			isa = PBXGroup;
			children = (
				F8E188462132867F004859F6 /* UsagiShooting2UITests.swift */,
				F8E188482132867F004859F6 /* Info.plist */,
			);
			path = UsagiShooting2UITests;
			sourceTree = "<group>";
		};
		F8E1885621465C21004859F6 /* Scenes */ = {
			isa = PBXGroup;
			children = (
				F8E1885421465C05004859F6 /* GameScene.swift */,
				F89241C621665664008DBD58 /* OpeningScene.swift */,
				F89241C82166567A008DBD58 /* GameOverScene.swift */,
			);
			name = Scenes;
			sourceTree = "<group>";
		};
		F8E1885A215AED9E004859F6 /* Nodes */ = {
			isa = PBXGroup;
			children = (
				F89241BA215E3996008DBD58 /* EnemyNodeProtocol.swift */,
				F89241C0215F069F008DBD58 /* RedEnemy.swift */,
				F8E18858215AEC6C004859F6 /* PlayerNode.swift */,
			);
			name = Nodes;
			sourceTree = "<group>";
		};
/* End PBXGroup section */

/* Begin PBXNativeTarget section */
		F8E1881C21328676004859F6 /* UsagiShooting2 */ = {
			isa = PBXNativeTarget;
			buildConfigurationList = F8E1884B2132867F004859F6 /* Build configuration list for PBXNativeTarget "UsagiShooting2" */;
			buildPhases = (
				F8E1881921328676004859F6 /* Sources */,
				F8E1881A21328676004859F6 /* Frameworks */,
				F8E1881B21328676004859F6 /* Resources */,
			);
			buildRules = (
			);
			dependencies = (
			);
			name = UsagiShooting2;
			productName = UsagiShooting2;
			productReference = F8E1881D21328676004859F6 /* UsagiShooting2.app */;
			productType = "com.apple.product-type.application";
		};
		F8E188362132867F004859F6 /* UsagiShooting2Tests */ = {
			isa = PBXNativeTarget;
			buildConfigurationList = F8E1884E2132867F004859F6 /* Build configuration list for PBXNativeTarget "UsagiShooting2Tests" */;
			buildPhases = (
				F8E188332132867F004859F6 /* Sources */,
				F8E188342132867F004859F6 /* Frameworks */,
				F8E188352132867F004859F6 /* Resources */,
			);
			buildRules = (
			);
			dependencies = (
				F8E188392132867F004859F6 /* PBXTargetDependency */,
			);
			name = UsagiShooting2Tests;
			productName = UsagiShooting2Tests;
			productReference = F8E188372132867F004859F6 /* UsagiShooting2Tests.xctest */;
			productType = "com.apple.product-type.bundle.unit-test";
		};
		F8E188412132867F004859F6 /* UsagiShooting2UITests */ = {
			isa = PBXNativeTarget;
			buildConfigurationList = F8E188512132867F004859F6 /* Build configuration list for PBXNativeTarget "UsagiShooting2UITests" */;
			buildPhases = (
				F8E1883E2132867F004859F6 /* Sources */,
				F8E1883F2132867F004859F6 /* Frameworks */,
				F8E188402132867F004859F6 /* Resources */,
			);
			buildRules = (
			);
			dependencies = (
				F8E188442132867F004859F6 /* PBXTargetDependency */,
			);
			name = UsagiShooting2UITests;
			productName = UsagiShooting2UITests;
			productReference = F8E188422132867F004859F6 /* UsagiShooting2UITests.xctest */;
			productType = "com.apple.product-type.bundle.ui-testing";
		};
/* End PBXNativeTarget section */

/* Begin PBXProject section */
		F8E1881521328676004859F6 /* Project object */ = {
			isa = PBXProject;
			attributes = {
				LastSwiftUpdateCheck = 0930;
				LastUpgradeCheck = 0930;
				ORGANIZATIONNAME = stu75;
				TargetAttributes = {
					F8E1881C21328676004859F6 = {
						CreatedOnToolsVersion = 9.3.1;
					};
					F8E188362132867F004859F6 = {
						CreatedOnToolsVersion = 9.3.1;
						TestTargetID = F8E1881C21328676004859F6;
					};
					F8E188412132867F004859F6 = {
						CreatedOnToolsVersion = 9.3.1;
						TestTargetID = F8E1881C21328676004859F6;
					};
				};
			};
			buildConfigurationList = F8E1881821328676004859F6 /* Build configuration list for PBXProject "UsagiShooting2" */;
			compatibilityVersion = "Xcode 9.3";
			developmentRegion = en;
			hasScannedForEncodings = 0;
			knownRegions = (
				en,
				Base,
			);
			mainGroup = F8E1881421328676004859F6;
			productRefGroup = F8E1881E21328676004859F6 /* Products */;
			projectDirPath = "";
			projectRoot = "";
			targets = (
				F8E1881C21328676004859F6 /* UsagiShooting2 */,
				F8E188362132867F004859F6 /* UsagiShooting2Tests */,
				F8E188412132867F004859F6 /* UsagiShooting2UITests */,
			);
		};
/* End PBXProject section */

/* Begin PBXResourcesBuildPhase section */
		F8E1881B21328676004859F6 /* Resources */ = {
			isa = PBXResourcesBuildPhase;
			buildActionMask = 2147483647;
			files = (
				F8E1882C21328676004859F6 /* Main.storyboard in Resources */,
				F8E1882E2132867E004859F6 /* Assets.xcassets in Resources */,
				F8E188312132867E004859F6 /* LaunchScreen.storyboard in Resources */,
			);
			runOnlyForDeploymentPostprocessing = 0;
		};
		F8E188352132867F004859F6 /* Resources */ = {
			isa = PBXResourcesBuildPhase;
			buildActionMask = 2147483647;
			files = (
			);
			runOnlyForDeploymentPostprocessing = 0;
		};
		F8E188402132867F004859F6 /* Resources */ = {
			isa = PBXResourcesBuildPhase;
			buildActionMask = 2147483647;
			files = (
			);
			runOnlyForDeploymentPostprocessing = 0;
		};
/* End PBXResourcesBuildPhase section */

/* Begin PBXSourcesBuildPhase section */
		F8E1881921328676004859F6 /* Sources */ = {
			isa = PBXSourcesBuildPhase;
			buildActionMask = 2147483647;
			files = (
				F89241C1215F069F008DBD58 /* RedEnemy.swift in Sources */,
				F89241BB215E3996008DBD58 /* EnemyNodeProtocol.swift in Sources */,
				F8E1882921328676004859F6 /* GameViewController.swift in Sources */,
				F8E1885521465C05004859F6 /* GameScene.swift in Sources */,
				F8E18859215AEC6C004859F6 /* PlayerNode.swift in Sources */,
				F89241CD21668057008DBD58 /* Calc.swift in Sources */,
				F8E1882121328676004859F6 /* AppDelegate.swift in Sources */,
				F89241C92166567A008DBD58 /* GameOverScene.swift in Sources */,
				F89241C721665664008DBD58 /* OpeningScene.swift in Sources */,
				F89D271B2169850B005423D8 /* Category.swift in Sources */,
			);
			runOnlyForDeploymentPostprocessing = 0;
		};
		F8E188332132867F004859F6 /* Sources */ = {
			isa = PBXSourcesBuildPhase;
			buildActionMask = 2147483647;
			files = (
				F8E1883C2132867F004859F6 /* UsagiShooting2Tests.swift in Sources */,
			);
			runOnlyForDeploymentPostprocessing = 0;
		};
		F8E1883E2132867F004859F6 /* Sources */ = {
			isa = PBXSourcesBuildPhase;
			buildActionMask = 2147483647;
			files = (
				F8E188472132867F004859F6 /* UsagiShooting2UITests.swift in Sources */,
			);
			runOnlyForDeploymentPostprocessing = 0;
		};
/* End PBXSourcesBuildPhase section */

/* Begin PBXTargetDependency section */
		F8E188392132867F004859F6 /* PBXTargetDependency */ = {
			isa = PBXTargetDependency;
			target = F8E1881C21328676004859F6 /* UsagiShooting2 */;
			targetProxy = F8E188382132867F004859F6 /* PBXContainerItemProxy */;
		};
		F8E188442132867F004859F6 /* PBXTargetDependency */ = {
			isa = PBXTargetDependency;
			target = F8E1881C21328676004859F6 /* UsagiShooting2 */;
			targetProxy = F8E188432132867F004859F6 /* PBXContainerItemProxy */;
		};
/* End PBXTargetDependency section */

/* Begin PBXVariantGroup section */
		F8E1882A21328676004859F6 /* Main.storyboard */ = {
			isa = PBXVariantGroup;
			children = (
				F8E1882B21328676004859F6 /* Base */,
			);
			name = Main.storyboard;
			sourceTree = "<group>";
		};
		F8E1882F2132867E004859F6 /* LaunchScreen.storyboard */ = {
			isa = PBXVariantGroup;
			children = (
				F8E188302132867E004859F6 /* Base */,
			);
			name = LaunchScreen.storyboard;
			sourceTree = "<group>";
		};
/* End PBXVariantGroup section */

/* Begin XCBuildConfiguration section */
		F8E188492132867F004859F6 /* Debug */ = {
			isa = XCBuildConfiguration;
			buildSettings = {
				ALWAYS_SEARCH_USER_PATHS = NO;
				CLANG_ANALYZER_NONNULL = YES;
				CLANG_ANALYZER_NUMBER_OBJECT_CONVERSION = YES_AGGRESSIVE;
				CLANG_CXX_LANGUAGE_STANDARD = "gnu++14";
				CLANG_CXX_LIBRARY = "libc++";
				CLANG_ENABLE_MODULES = YES;
				CLANG_ENABLE_OBJC_ARC = YES;
				CLANG_ENABLE_OBJC_WEAK = YES;
				CLANG_WARN_BLOCK_CAPTURE_AUTORELEASING = YES;
				CLANG_WARN_BOOL_CONVERSION = YES;
				CLANG_WARN_COMMA = YES;
				CLANG_WARN_CONSTANT_CONVERSION = YES;
				CLANG_WARN_DEPRECATED_OBJC_IMPLEMENTATIONS = YES;
				CLANG_WARN_DIRECT_OBJC_ISA_USAGE = YES_ERROR;
				CLANG_WARN_DOCUMENTATION_COMMENTS = YES;
				CLANG_WARN_EMPTY_BODY = YES;
				CLANG_WARN_ENUM_CONVERSION = YES;
				CLANG_WARN_INFINITE_RECURSION = YES;
				CLANG_WARN_INT_CONVERSION = YES;
				CLANG_WARN_NON_LITERAL_NULL_CONVERSION = YES;
				CLANG_WARN_OBJC_IMPLICIT_RETAIN_SELF = YES;
				CLANG_WARN_OBJC_LITERAL_CONVERSION = YES;
				CLANG_WARN_OBJC_ROOT_CLASS = YES_ERROR;
				CLANG_WARN_RANGE_LOOP_ANALYSIS = YES;
				CLANG_WARN_STRICT_PROTOTYPES = YES;
				CLANG_WARN_SUSPICIOUS_MOVE = YES;
				CLANG_WARN_UNGUARDED_AVAILABILITY = YES_AGGRESSIVE;
				CLANG_WARN_UNREACHABLE_CODE = YES;
				CLANG_WARN__DUPLICATE_METHOD_MATCH = YES;
				CODE_SIGN_IDENTITY = "iPhone Developer";
				COPY_PHASE_STRIP = NO;
				DEBUG_INFORMATION_FORMAT = dwarf;
				ENABLE_STRICT_OBJC_MSGSEND = YES;
				ENABLE_TESTABILITY = YES;
				GCC_C_LANGUAGE_STANDARD = gnu11;
				GCC_DYNAMIC_NO_PIC = NO;
				GCC_NO_COMMON_BLOCKS = YES;
				GCC_OPTIMIZATION_LEVEL = 0;
				GCC_PREPROCESSOR_DEFINITIONS = (
					"DEBUG=1",
					"$(inherited)",
				);
				GCC_WARN_64_TO_32_BIT_CONVERSION = YES;
				GCC_WARN_ABOUT_RETURN_TYPE = YES_ERROR;
				GCC_WARN_UNDECLARED_SELECTOR = YES;
				GCC_WARN_UNINITIALIZED_AUTOS = YES_AGGRESSIVE;
				GCC_WARN_UNUSED_FUNCTION = YES;
				GCC_WARN_UNUSED_VARIABLE = YES;
				IPHONEOS_DEPLOYMENT_TARGET = 11.3;
				MTL_ENABLE_DEBUG_INFO = YES;
				ONLY_ACTIVE_ARCH = YES;
				SDKROOT = iphoneos;
				SWIFT_ACTIVE_COMPILATION_CONDITIONS = DEBUG;
				SWIFT_OPTIMIZATION_LEVEL = "-Onone";
			};
			name = Debug;
		};
		F8E1884A2132867F004859F6 /* Release */ = {
			isa = XCBuildConfiguration;
			buildSettings = {
				ALWAYS_SEARCH_USER_PATHS = NO;
				CLANG_ANALYZER_NONNULL = YES;
				CLANG_ANALYZER_NUMBER_OBJECT_CONVERSION = YES_AGGRESSIVE;
				CLANG_CXX_LANGUAGE_STANDARD = "gnu++14";
				CLANG_CXX_LIBRARY = "libc++";
				CLANG_ENABLE_MODULES = YES;
				CLANG_ENABLE_OBJC_ARC = YES;
				CLANG_ENABLE_OBJC_WEAK = YES;
				CLANG_WARN_BLOCK_CAPTURE_AUTORELEASING = YES;
				CLANG_WARN_BOOL_CONVERSION = YES;
				CLANG_WARN_COMMA = YES;
				CLANG_WARN_CONSTANT_CONVERSION = YES;
				CLANG_WARN_DEPRECATED_OBJC_IMPLEMENTATIONS = YES;
				CLANG_WARN_DIRECT_OBJC_ISA_USAGE = YES_ERROR;
				CLANG_WARN_DOCUMENTATION_COMMENTS = YES;
				CLANG_WARN_EMPTY_BODY = YES;
				CLANG_WARN_ENUM_CONVERSION = YES;
				CLANG_WARN_INFINITE_RECURSION = YES;
				CLANG_WARN_INT_CONVERSION = YES;
				CLANG_WARN_NON_LITERAL_NULL_CONVERSION = YES;
				CLANG_WARN_OBJC_IMPLICIT_RETAIN_SELF = YES;
				CLANG_WARN_OBJC_LITERAL_CONVERSION = YES;
				CLANG_WARN_OBJC_ROOT_CLASS = YES_ERROR;
				CLANG_WARN_RANGE_LOOP_ANALYSIS = YES;
				CLANG_WARN_STRICT_PROTOTYPES = YES;
				CLANG_WARN_SUSPICIOUS_MOVE = YES;
				CLANG_WARN_UNGUARDED_AVAILABILITY = YES_AGGRESSIVE;
				CLANG_WARN_UNREACHABLE_CODE = YES;
				CLANG_WARN__DUPLICATE_METHOD_MATCH = YES;
				CODE_SIGN_IDENTITY = "iPhone Developer";
				COPY_PHASE_STRIP = NO;
				DEBUG_INFORMATION_FORMAT = "dwarf-with-dsym";
				ENABLE_NS_ASSERTIONS = NO;
				ENABLE_STRICT_OBJC_MSGSEND = YES;
				GCC_C_LANGUAGE_STANDARD = gnu11;
				GCC_NO_COMMON_BLOCKS = YES;
				GCC_WARN_64_TO_32_BIT_CONVERSION = YES;
				GCC_WARN_ABOUT_RETURN_TYPE = YES_ERROR;
				GCC_WARN_UNDECLARED_SELECTOR = YES;
				GCC_WARN_UNINITIALIZED_AUTOS = YES_AGGRESSIVE;
				GCC_WARN_UNUSED_FUNCTION = YES;
				GCC_WARN_UNUSED_VARIABLE = YES;
				IPHONEOS_DEPLOYMENT_TARGET = 11.3;
				MTL_ENABLE_DEBUG_INFO = NO;
				SDKROOT = iphoneos;
				SWIFT_COMPILATION_MODE = wholemodule;
				SWIFT_OPTIMIZATION_LEVEL = "-O";
				VALIDATE_PRODUCT = YES;
			};
			name = Release;
		};
		F8E1884C2132867F004859F6 /* Debug */ = {
			isa = XCBuildConfiguration;
			buildSettings = {
				ASSETCATALOG_COMPILER_APPICON_NAME = AppIcon;
				CODE_SIGN_STYLE = Manual;
				DEVELOPMENT_TEAM = "";
				INFOPLIST_FILE = UsagiShooting2/Info.plist;
				LD_RUNPATH_SEARCH_PATHS = (
					"$(inherited)",
					"@executable_path/Frameworks",
				);
				PRODUCT_NAME = "$(TARGET_NAME)";
				PROVISIONING_PROFILE_SPECIFIER = "";
				SWIFT_VERSION = 4.0;
				TARGETED_DEVICE_FAMILY = 1;
			};
			name = Debug;
		};
		F8E1884D2132867F004859F6 /* Release */ = {
			isa = XCBuildConfiguration;
			buildSettings = {
				ASSETCATALOG_COMPILER_APPICON_NAME = AppIcon;
				CODE_SIGN_STYLE = Manual;
				DEVELOPMENT_TEAM = "";
				INFOPLIST_FILE = UsagiShooting2/Info.plist;
				LD_RUNPATH_SEARCH_PATHS = (
					"$(inherited)",
					"@executable_path/Frameworks",
				);
				PRODUCT_NAME = "$(TARGET_NAME)";
				PROVISIONING_PROFILE_SPECIFIER = "";
				SWIFT_VERSION = 4.0;
				TARGETED_DEVICE_FAMILY = 1;
			};
			name = Release;
		};
		F8E1884F2132867F004859F6 /* Debug */ = {
			isa = XCBuildConfiguration;
			buildSettings = {
				ALWAYS_EMBED_SWIFT_STANDARD_LIBRARIES = YES;
				BUNDLE_LOADER = "$(TEST_HOST)";
				CODE_SIGN_STYLE = Automatic;
				DEVELOPMENT_TEAM = HH66S6EWHC;
				INFOPLIST_FILE = UsagiShooting2Tests/Info.plist;
				LD_RUNPATH_SEARCH_PATHS = (
					"$(inherited)",
					"@executable_path/Frameworks",
					"@loader_path/Frameworks",
				);
				PRODUCT_BUNDLE_IDENTIFIER = org.stu75.UsagiShooting2Tests;
				PRODUCT_NAME = "$(TARGET_NAME)";
				SWIFT_VERSION = 4.0;
				TARGETED_DEVICE_FAMILY = "1,2";
				TEST_HOST = "$(BUILT_PRODUCTS_DIR)/UsagiShooting2.app/UsagiShooting2";
			};
			name = Debug;
		};
		F8E188502132867F004859F6 /* Release */ = {
			isa = XCBuildConfiguration;
			buildSettings = {
				ALWAYS_EMBED_SWIFT_STANDARD_LIBRARIES = YES;
				BUNDLE_LOADER = "$(TEST_HOST)";
				CODE_SIGN_STYLE = Automatic;
				DEVELOPMENT_TEAM = HH66S6EWHC;
				INFOPLIST_FILE = UsagiShooting2Tests/Info.plist;
				LD_RUNPATH_SEARCH_PATHS = (
					"$(inherited)",
					"@executable_path/Frameworks",
					"@loader_path/Frameworks",
				);
				PRODUCT_BUNDLE_IDENTIFIER = org.stu75.UsagiShooting2Tests;
				PRODUCT_NAME = "$(TARGET_NAME)";
				SWIFT_VERSION = 4.0;
				TARGETED_DEVICE_FAMILY = "1,2";
				TEST_HOST = "$(BUILT_PRODUCTS_DIR)/UsagiShooting2.app/UsagiShooting2";
			};
			name = Release;
		};
		F8E188522132867F004859F6 /* Debug */ = {
			isa = XCBuildConfiguration;
			buildSettings = {
				ALWAYS_EMBED_SWIFT_STANDARD_LIBRARIES = YES;
				CODE_SIGN_STYLE = Automatic;
				DEVELOPMENT_TEAM = HH66S6EWHC;
				INFOPLIST_FILE = UsagiShooting2UITests/Info.plist;
				LD_RUNPATH_SEARCH_PATHS = (
					"$(inherited)",
					"@executable_path/Frameworks",
					"@loader_path/Frameworks",
				);
				PRODUCT_BUNDLE_IDENTIFIER = org.stu75.UsagiShooting2UITests;
				PRODUCT_NAME = "$(TARGET_NAME)";
				SWIFT_VERSION = 4.0;
				TARGETED_DEVICE_FAMILY = "1,2";
				TEST_TARGET_NAME = UsagiShooting2;
			};
			name = Debug;
		};
		F8E188532132867F004859F6 /* Release */ = {
			isa = XCBuildConfiguration;
			buildSettings = {
				ALWAYS_EMBED_SWIFT_STANDARD_LIBRARIES = YES;
				CODE_SIGN_STYLE = Automatic;
				DEVELOPMENT_TEAM = HH66S6EWHC;
				INFOPLIST_FILE = UsagiShooting2UITests/Info.plist;
				LD_RUNPATH_SEARCH_PATHS = (
					"$(inherited)",
					"@executable_path/Frameworks",
					"@loader_path/Frameworks",
				);
				PRODUCT_BUNDLE_IDENTIFIER = org.stu75.UsagiShooting2UITests;
				PRODUCT_NAME = "$(TARGET_NAME)";
				SWIFT_VERSION = 4.0;
				TARGETED_DEVICE_FAMILY = "1,2";
				TEST_TARGET_NAME = UsagiShooting2;
			};
			name = Release;
		};
/* End XCBuildConfiguration section */

/* Begin XCConfigurationList section */
		F8E1881821328676004859F6 /* Build configuration list for PBXProject "UsagiShooting2" */ = {
			isa = XCConfigurationList;
			buildConfigurations = (
				F8E188492132867F004859F6 /* Debug */,
				F8E1884A2132867F004859F6 /* Release */,
			);
			defaultConfigurationIsVisible = 0;
			defaultConfigurationName = Release;
		};
		F8E1884B2132867F004859F6 /* Build configuration list for PBXNativeTarget "UsagiShooting2" */ = {
			isa = XCConfigurationList;
			buildConfigurations = (
				F8E1884C2132867F004859F6 /* Debug */,
				F8E1884D2132867F004859F6 /* Release */,
			);
			defaultConfigurationIsVisible = 0;
			defaultConfigurationName = Release;
		};
		F8E1884E2132867F004859F6 /* Build configuration list for PBXNativeTarget "UsagiShooting2Tests" */ = {
			isa = XCConfigurationList;
			buildConfigurations = (
				F8E1884F2132867F004859F6 /* Debug */,
				F8E188502132867F004859F6 /* Release */,
			);
			defaultConfigurationIsVisible = 0;
			defaultConfigurationName = Release;
		};
		F8E188512132867F004859F6 /* Build configuration list for PBXNativeTarget "UsagiShooting2UITests" */ = {
			isa = XCConfigurationList;
			buildConfigurations = (
				F8E188522132867F004859F6 /* Debug */,
				F8E188532132867F004859F6 /* Release */,
			);
			defaultConfigurationIsVisible = 0;
			defaultConfigurationName = Release;
		};
/* End XCConfigurationList section */
	};
	rootObject = F8E1881521328676004859F6 /* Project object */;
}
